
Microsoft Visual Studio Solution File, Format Version 12.00
# Visual Studio Version 17
VisualStudioVersion = 17.9.34622.214
MinimumVisualStudioVersion = 10.0.40219.1
Project("{9A19103F-16F7-4668-BE54-9A1E7A4F7556}") = "PhigrosLibraryCSharp", "PhigrosLibraryCSharp\PhigrosLibraryCSharp.csproj", "{252CF720-7CBC-4178-9C77-14E1EA7C91D8}"
EndProject
Project("{2150E333-8FDC-42A3-9474-1A3956D46DE8}") = "Solution Items", "Solution Items", "{C1D6C842-FD5B-4DC2-B61F-4CC2DFFBFBC2}"
	ProjectSection(SolutionItems) = preProject
		.gitattributes = .gitattributes
		.gitignore = .gitignore
		LICENSE.txt = LICENSE.txt
		README.md = README.md
	EndProjectSection
EndProject
Project("{9A19103F-16F7-4668-BE54-9A1E7A4F7556}") = "PhigrosLibraryCSharp.PackageExtract", "PhigrosLibraryCSharp.PackageExtract\PhigrosLibraryCSharp.PackageExtract.csproj", "{514EA800-0DC7-4A4A-810F-4C326A78D3F5}"
EndProject
Project("{9A19103F-16F7-4668-BE54-9A1E7A4F7556}") = "PhigrosLibraryCSharp.Tests", "PhigrosLibraryCSharp.Tests\PhigrosLibraryCSharp.Tests.csproj", "{B3A7CFDB-207B-40EC-9581-D4E48773DA8A}"
EndProject
Project("{FAE04EC0-301F-11D3-BF4B-00C04F79EFBC}") = "PhigrosLibraryCSharp.Examples", "PhigrosLibraryCSharp.Examples\PhigrosLibraryCSharp.Examples.csproj", "{31E0E8F2-6C2A-46D4-9304-D4DB04FB1538}"
EndProject
Global
	GlobalSection(SolutionConfigurationPlatforms) = preSolution
		Debug|Any CPU = Debug|Any CPU
		Release|Any CPU = Release|Any CPU
	EndGlobalSection
	GlobalSection(ProjectConfigurationPlatforms) = postSolution
		{252CF720-7CBC-4178-9C77-14E1EA7C91D8}.Debug|Any CPU.ActiveCfg = Debug|Any CPU
		{252CF720-7CBC-4178-9C77-14E1EA7C91D8}.Debug|Any CPU.Build.0 = Debug|Any CPU
		{252CF720-7CBC-4178-9C77-14E1EA7C91D8}.Release|Any CPU.ActiveCfg = Release|Any CPU
		{252CF720-7CBC-4178-9C77-14E1EA7C91D8}.Release|Any CPU.Build.0 = Release|Any CPU
		{514EA800-0DC7-4A4A-810F-4C326A78D3F5}.Debug|Any CPU.ActiveCfg = Debug|Any CPU
		{514EA800-0DC7-4A4A-810F-4C326A78D3F5}.Debug|Any CPU.Build.0 = Debug|Any CPU
		{514EA800-0DC7-4A4A-810F-4C326A78D3F5}.Release|Any CPU.ActiveCfg = Release|Any CPU
		{514EA800-0DC7-4A4A-810F-4C326A78D3F5}.Release|Any CPU.Build.0 = Release|Any CPU
		{B3A7CFDB-207B-40EC-9581-D4E48773DA8A}.Debug|Any CPU.ActiveCfg = Debug|Any CPU
		{B3A7CFDB-207B-40EC-9581-D4E48773DA8A}.Debug|Any CPU.Build.0 = Debug|Any CPU
		{B3A7CFDB-207B-40EC-9581-D4E48773DA8A}.Release|Any CPU.ActiveCfg = Release|Any CPU
		{B3A7CFDB-207B-40EC-9581-D4E48773DA8A}.Release|Any CPU.Build.0 = Release|Any CPU
		{31E0E8F2-6C2A-46D4-9304-D4DB04FB1538}.Debug|Any CPU.ActiveCfg = Debug|Any CPU
		{31E0E8F2-6C2A-46D4-9304-D4DB04FB1538}.Debug|Any CPU.Build.0 = Debug|Any CPU
		{31E0E8F2-6C2A-46D4-9304-D4DB04FB1538}.Release|Any CPU.ActiveCfg = Release|Any CPU
		{31E0E8F2-6C2A-46D4-9304-D4DB04FB1538}.Release|Any CPU.Build.0 = Release|Any CPU
	EndGlobalSection
	GlobalSection(SolutionProperties) = preSolution
		HideSolutionNode = FALSE
	EndGlobalSection
	GlobalSection(ExtensibilityGlobals) = postSolution
		SolutionGuid = {EB9FE679-A684-4046-BAF2-1E2C1FA467F3}
	EndGlobalSection
EndGlobal
